# THIS IS AN AUTOGENERATED FILE. DO NOT EDIT THIS FILE DIRECTLY.
# yarn lockfile v1


"@interactjs/actions@1.5.4":
  version "1.5.4"
  resolved "https://registry.yarnpkg.com/@interactjs/actions/-/actions-1.5.4.tgz#a577c9b077ceaa1d28960f605cf7471c2e345469"
  integrity sha512-opzSOab2xLz/F5ghU40WCJLH8O7ohRykRnsnnNrJFk0hUTFyd9kQH58p5m3v/RHkTI7KwYzeWbm5XDF6hfzJKA==

"@interactjs/auto-scroll@1.5.4":
  version "1.5.4"
  resolved "https://registry.yarnpkg.com/@interactjs/auto-scroll/-/auto-scroll-1.5.4.tgz#b2f9adb4b6fc8fe01c814a381cbe11b5a264c817"
  integrity sha512-rSiMwjpEjVlMENThVf8a6hK2jYNdDRsgEkNbtCxv+2HrBaiDA/Bmyphyg7bGMUR4A17HObi5tAZTfxV8UZHJcQ==

"@interactjs/auto-start@1.5.4":
  version "1.5.4"
  resolved "https://registry.yarnpkg.com/@interactjs/auto-start/-/auto-start-1.5.4.tgz#97e4bb6a43a27d4e73f8f0c281ef888eca78f8a4"
  integrity sha512-eJOkVK13liwh59cFhG2VfxU2HIDmPb8FxKwHRoqdMJwxVzNuDxeSsFnLyrKPhB+3lFRAAxRjrPQ3LKulvMPfiw==

"@interactjs/core@1.5.4":
  version "1.5.4"
  resolved "https://registry.yarnpkg.com/@interactjs/core/-/core-1.5.4.tgz#6315ad91f3500b4a1fbbaac511c4cdc28a7dd6f2"
  integrity sha512-4ZXdh1SESBXx9Y/NFD3CTpHffnJ2meVhyLsjL13C9dZrOVbStI5mRgN8GaERoj0M3pK7SPbw29UpHANqK5Qhcw==

"@interactjs/dev-tools@1.5.4":
  version "1.5.4"
  resolved "https://registry.yarnpkg.com/@interactjs/dev-tools/-/dev-tools-1.5.4.tgz#0eba63a63a7f9204774069eed6c1376a15b46bdf"
  integrity sha512-sPPrPFDGoxAM9s4+4M1frvg4Mf1f6gYJg6qK3yStqCxyvHu09tSilu4UwY9ukKavOGLoH5IqAY9TxbjLayQ1Wg==
  dependencies:
    "@interactjs/utils" "1.5.4"

"@interactjs/inertia@1.5.4":
  version "1.5.4"
  resolved "https://registry.yarnpkg.com/@interactjs/inertia/-/inertia-1.5.4.tgz#0934798c05f7876b7ecdc1ea39c0ed4d1f2bf140"
  integrity sha512-HRdSGbkTwBKKf2RKGrHLfs7K4bslCZAdzTctQiCmxzmDxveBdPTDxeIKLaGGv4GA33xJsen4e9rOTqukEVKU8w==

"@interactjs/interact@1.5.4":
  version "1.5.4"
  resolved "https://registry.yarnpkg.com/@interactjs/interact/-/interact-1.5.4.tgz#9188b97e8565e2f7241ec08a096da986c42d4656"
  integrity sha512-b0Yf30J6uPO78DOuh882zlP/7jVQnwZiUSfdq3uuUYmy2LQJoOuv+F+ygEeXMTQk0kK6aVHqJPACIojRj/vyNg==

"@interactjs/modifiers@1.5.4":
  version "1.5.4"
  resolved "https://registry.yarnpkg.com/@interactjs/modifiers/-/modifiers-1.5.4.tgz#a48234b0809bd208c19e0d0c142ae4633f2ed550"
  integrity sha512-skQrQl2Yvreza+j5p5LhwwliUkVwpDPR3MNLEh+m7JHv1gJYJnDryjiQsHlaXdwM32p3QRG5JvBtomlTkILzRg==

"@interactjs/pointer-events@1.5.4":
  version "1.5.4"
  resolved "https://registry.yarnpkg.com/@interactjs/pointer-events/-/pointer-events-1.5.4.tgz#c1c4ed4b2674ddc9d138d58a4125f58d33dace1a"
  integrity sha512-SEO/amMaSf5jHOyne9erpQOJJtPLH4nY/zvvonT8BSAs70M1tDUe8nCZxtUqjnaYUMrixW4AJdzV40JYMt1lgg==

"@interactjs/reflow@1.5.4":
  version "1.5.4"
  resolved "https://registry.yarnpkg.com/@interactjs/reflow/-/reflow-1.5.4.tgz#a1a2ae50d6c945a28bf1846af493b9ac02950935"
  integrity sha512-0wJoMfBYOStaaqvPFz0rfkObd/v1EPG4FUJgQC8JZ6JbsHbbpIxU6m6XgDTlAwBSboZ4zqkGs18h+YOfEwvatw==

"@interactjs/types@1.5.4":
  version "1.5.4"
  resolved "https://registry.yarnpkg.com/@interactjs/types/-/types-1.5.4.tgz#6eb3fe48a7f680a1e1177c45bd5a65083415e111"
  integrity sha512-ADnnLE8nd6r+ljRpyLLV2jFV+h1WGGTVbqOAKUjRIBOogHLnVLHJj2kVo3Ctixz1oUbcN6bl+NjwJ8WiD50xLA==
  dependencies:
    "@interactjs/actions" "1.5.4"
    "@interactjs/auto-scroll" "1.5.4"
    "@interactjs/auto-start" "1.5.4"
    "@interactjs/core" "1.5.4"
    "@interactjs/dev-tools" "1.5.4"
    "@interactjs/inertia" "1.5.4"
    "@interactjs/interact" "1.5.4"
    "@interactjs/modifiers" "1.5.4"
    "@interactjs/pointer-events" "1.5.4"
    "@interactjs/reflow" "1.5.4"
    "@interactjs/utils" "1.5.4"

"@interactjs/utils@1.5.4":
  version "1.5.4"
  resolved "https://registry.yarnpkg.com/@interactjs/utils/-/utils-1.5.4.tgz#392a03f14274be7288e342959d3bc4d140379f58"
  integrity sha512-K+aQdl9ipkwxRduZxUMfUHxIqkEq0N62BG5/7FE+bCYXVPTFWcBEkykDGHS/ZN7I53QJJvI/tGsj9sxtaQHD8Q==

batch-processor@^1.0.0:
  version "1.0.0"
  resolved "https://registry.yarnpkg.com/batch-processor/-/batch-processor-1.0.0.tgz#75c95c32b748e0850d10c2b168f6bdbe9891ace8"
  integrity sha1-dclcMrdI4IUNEMKxaPa9vpiRrOg=

bulma@^0.2.3:
  version "0.2.3"
  resolved "https://registry.yarnpkg.com/bulma/-/bulma-0.2.3.tgz#086394c65e74aa8081e658bdcf6742f81107936e"
  integrity sha1-CGOUxl50qoCB5li9z2dC+BEHk24=

element-resize-detector@^1.1.10:
  version "1.1.15"
  resolved "https://registry.yarnpkg.com/element-resize-detector/-/element-resize-detector-1.1.15.tgz#48eba1a2eaa26969a4c998d972171128c971d8d2"
  integrity sha512-16/5avDegXlUxytGgaumhjyQoM6hpp5j3+L79sYq5hlXfTNRy5WMMuTVWkZU3egp/CokCmTmvf18P3KeB57Iog==
  dependencies:
    batch-processor "^1.0.0"

flatpickr@^2.2.4:
  version "2.6.3"
  resolved "https://registry.yarnpkg.com/flatpickr/-/flatpickr-2.6.3.tgz#457357532deb135f3da64b425bf4435737961564"
  integrity sha1-RXNXUy3rE189pktCW/RDVzeWFWQ=

font-awesome@^4.7.0:
  version "4.7.0"
  resolved "https://registry.yarnpkg.com/font-awesome/-/font-awesome-4.7.0.tgz#8fa8cf0411a1a31afd07b06d2902bb9fc815a133"
  integrity sha1-j6jPBBGhoxr9B7BtKQK7n8gVoTM=

interactjs@^1.3.4:
  version "1.5.4"
  resolved "https://registry.yarnpkg.com/interactjs/-/interactjs-1.5.4.tgz#bbe2f71834ea90ee38562fa1ac337f9b1282dd40"
  integrity sha512-c+7AbYqkMc2D9aaEBch/mPhLb7qyjM/nnVI5jRIXOL+DfznAHeJlNFnHYPIj9jgqIMQ7IBT0ggLrcRI3XBvm9A==
  dependencies:
    "@interactjs/types" "1.5.4"

jump.js@^1.0.1:
  version "1.0.2"
  resolved "https://registry.yarnpkg.com/jump.js/-/jump.js-1.0.2.tgz#e0641b47f40a38f2139c25fda0500bf28e43015a"
  integrity sha1-4GQbR/QKOPITnCX9oFAL8o5DAVo=

lapress-frontend-core@^0.0.0:
  version "0.0.0"
  resolved "https://registry.yarnpkg.com/lapress-frontend-core/-/lapress-frontend-core-0.0.0.tgz#c875b617d762a39f12303f11be9719493db9fb74"
  integrity sha512-aSZiTOlbdiNVZxDOBy+LUUNjWT1C7bmLHyfeSwHG6ZX6NTB5eCkdCPclFj2pkn7mdQRbNtZ803KefWyjJ877bQ==
  dependencies:
    vue-blu "^0.1.9"

lodash@^4.17.2:
  version "4.17.15"
  resolved "https://registry.yarnpkg.com/lodash/-/lodash-4.17.15.tgz#b447f6670a0455bbfeedd11392eff330ea097548"
  integrity sha512-8xOcRHvCjnocdS5cpwXQXVzmmh5e5+saE2QGoeQmbKmRS6J3VQppPOIt0MnmE+4xlZoumy0GPG0D0MVIQbNA1A==

popper.js@^0.6.4:
  version "0.6.4"
  resolved "https://registry.yarnpkg.com/popper.js/-/popper.js-0.6.4.tgz#1837c4760af54d2bb20b66f9c09b92993d84c629"
  integrity sha1-GDfEdgr1TSuyC2b5wJuSmT2Exik=

vue-blu@^0.1.9:
  version "0.1.9"
  resolved "https://registry.yarnpkg.com/vue-blu/-/vue-blu-0.1.9.tgz#054c04686dd2688979741550aa5e560a683ff90c"
  integrity sha1-BUwEaG3SaIl5dBVQql5WCmg/+Qw=
  dependencies:
    bulma "^0.2.3"
    flatpickr "^2.2.4"
    font-awesome "^4.7.0"
    jump.js "^1.0.1"
    lodash "^4.17.2"
    popper.js "^0.6.4"
    vue "^2.1.10"

vue-grid-layout@^2.3.4:
  version "2.3.4"
  resolved "https://registry.yarnpkg.com/vue-grid-layout/-/vue-grid-layout-2.3.4.tgz#0da7d50628b050515b9e6ebef78b380d1ead0807"
  integrity sha512-FLOXyzoMCXY+8Y3klkbH4lMz/hfy/sRHXBv9xPfgVZ04o0Kxp9t3+TqFl6SlNhu/QVJmBKh5caHcnktZCPOGLw==
  dependencies:
    element-resize-detector "^1.1.10"
    interactjs "^1.3.4"

vue@^2.1.10:
  version "2.6.10"
  resolved "https://registry.yarnpkg.com/vue/-/vue-2.6.10.tgz#a72b1a42a4d82a721ea438d1b6bf55e66195c637"
  integrity sha512-ImThpeNU9HbdZL3utgMCq0oiMzAkt1mcgy3/E6zWC/G6AaQoeuFdsl9nDhTDU3X1R6FK7nsIUuRACVcjI+A2GQ==
